
Microsoft Visual Studio Solution File, Format Version 12.00
# Visual Studio Version 16
VisualStudioVersion = 16.0.31129.286
MinimumVisualStudioVersion = 10.0.40219.1
Project("{FAE04EC0-301F-11D3-BF4B-00C04F79EFBC}") = "WPFapp", "WPFapp.csproj", "{ECC83A38-1D80-4C6A-BDB5-62059A108E31}"
EndProject
Global
	GlobalSection(SolutionConfigurationPlatforms) = preSolution
		Debug|Any CPU = Debug|Any CPU
		Release|Any CPU = Release|Any CPU
	EndGlobalSection
	GlobalSection(ProjectConfigurationPlatforms) = postSolution
		{ECC83A38-1D80-4C6A-BDB5-62059A108E31}.Debug|Any CPU.ActiveCfg = Debug|Any CPU
		{ECC83A38-1D80-4C6A-BDB5-62059A108E31}.Debug|Any CPU.Build.0 = Debug|Any CPU
		{ECC83A38-1D80-4C6A-BDB5-62059A108E31}.Release|Any CPU.ActiveCfg = Release|Any CPU
		{ECC83A38-1D80-4C6A-BDB5-62059A108E31}.Release|Any CPU.Build.0 = Release|Any CPU
	EndGlobalSection
	GlobalSection(SolutionProperties) = preSolution
		HideSolutionNode = FALSE
	EndGlobalSection
	GlobalSection(ExtensibilityGlobals) = postSolution
		SolutionGuid = {4253009A-1DBC-4CCF-B78C-C169C56A6298}
	EndGlobalSection
EndGlobal
