
Microsoft Visual Studio Solution File, Format Version 12.00
# Visual Studio Version 16
VisualStudioVersion = 16.0.31129.286
MinimumVisualStudioVersion = 10.0.40219.1
Project("{FAE04EC0-301F-11D3-BF4B-00C04F79EFBC}") = "Задание 1.2", "Задание 1.2.csproj", "{0D31513E-8C83-4535-ACD7-07FF1FD0599E}"
EndProject
Global
	GlobalSection(SolutionConfigurationPlatforms) = preSolution
		Debug|Any CPU = Debug|Any CPU
		Release|Any CPU = Release|Any CPU
	EndGlobalSection
	GlobalSection(ProjectConfigurationPlatforms) = postSolution
		{0D31513E-8C83-4535-ACD7-07FF1FD0599E}.Debug|Any CPU.ActiveCfg = Debug|Any CPU
		{0D31513E-8C83-4535-ACD7-07FF1FD0599E}.Debug|Any CPU.Build.0 = Debug|Any CPU
		{0D31513E-8C83-4535-ACD7-07FF1FD0599E}.Release|Any CPU.ActiveCfg = Release|Any CPU
		{0D31513E-8C83-4535-ACD7-07FF1FD0599E}.Release|Any CPU.Build.0 = Release|Any CPU
	EndGlobalSection
	GlobalSection(SolutionProperties) = preSolution
		HideSolutionNode = FALSE
	EndGlobalSection
	GlobalSection(ExtensibilityGlobals) = postSolution
		SolutionGuid = {BF037548-A0EB-4F1F-BBB6-43244682D31C}
	EndGlobalSection
EndGlobal
