
Microsoft Visual Studio Solution File, Format Version 12.00
# Visual Studio Version 16
VisualStudioVersion = 16.0.31129.286
MinimumVisualStudioVersion = 10.0.40219.1
Project("{9A19103F-16F7-4668-BE54-9A1E7A4F7556}") = "Task A_1", "..\Task A_1\Task A_1.csproj", "{4839D92F-A368-47EC-94D5-B027A7675A7B}"
EndProject
Project("{9A19103F-16F7-4668-BE54-9A1E7A4F7556}") = "Task A_2", "..\Task A_2\Task A_2.csproj", "{86462704-E029-4E74-A208-6AFA1735678E}"
EndProject
Project("{9A19103F-16F7-4668-BE54-9A1E7A4F7556}") = "Task A_4", "Task A_4\Task A_4.csproj", "{A194FA47-C3E5-42CA-944C-1456403EAED9}"
EndProject
Project("{FAE04EC0-301F-11D3-BF4B-00C04F79EFBC}") = "WatchShop", "Clock Shop\WatchShop.csproj", "{57B1EEC1-8F27-42C9-AD41-B16F040D088C}"
EndProject
Global
	GlobalSection(SolutionConfigurationPlatforms) = preSolution
		Debug|Any CPU = Debug|Any CPU
		Release|Any CPU = Release|Any CPU
	EndGlobalSection
	GlobalSection(ProjectConfigurationPlatforms) = postSolution
		{4839D92F-A368-47EC-94D5-B027A7675A7B}.Debug|Any CPU.ActiveCfg = Debug|Any CPU
		{4839D92F-A368-47EC-94D5-B027A7675A7B}.Debug|Any CPU.Build.0 = Debug|Any CPU
		{4839D92F-A368-47EC-94D5-B027A7675A7B}.Release|Any CPU.ActiveCfg = Release|Any CPU
		{4839D92F-A368-47EC-94D5-B027A7675A7B}.Release|Any CPU.Build.0 = Release|Any CPU
		{86462704-E029-4E74-A208-6AFA1735678E}.Debug|Any CPU.ActiveCfg = Debug|Any CPU
		{86462704-E029-4E74-A208-6AFA1735678E}.Debug|Any CPU.Build.0 = Debug|Any CPU
		{86462704-E029-4E74-A208-6AFA1735678E}.Release|Any CPU.ActiveCfg = Release|Any CPU
		{86462704-E029-4E74-A208-6AFA1735678E}.Release|Any CPU.Build.0 = Release|Any CPU
		{A194FA47-C3E5-42CA-944C-1456403EAED9}.Debug|Any CPU.ActiveCfg = Debug|Any CPU
		{A194FA47-C3E5-42CA-944C-1456403EAED9}.Debug|Any CPU.Build.0 = Debug|Any CPU
		{A194FA47-C3E5-42CA-944C-1456403EAED9}.Release|Any CPU.ActiveCfg = Release|Any CPU
		{A194FA47-C3E5-42CA-944C-1456403EAED9}.Release|Any CPU.Build.0 = Release|Any CPU
		{57B1EEC1-8F27-42C9-AD41-B16F040D088C}.Debug|Any CPU.ActiveCfg = Debug|Any CPU
		{57B1EEC1-8F27-42C9-AD41-B16F040D088C}.Debug|Any CPU.Build.0 = Debug|Any CPU
		{57B1EEC1-8F27-42C9-AD41-B16F040D088C}.Release|Any CPU.ActiveCfg = Release|Any CPU
		{57B1EEC1-8F27-42C9-AD41-B16F040D088C}.Release|Any CPU.Build.0 = Release|Any CPU
	EndGlobalSection
	GlobalSection(SolutionProperties) = preSolution
		HideSolutionNode = FALSE
	EndGlobalSection
	GlobalSection(ExtensibilityGlobals) = postSolution
		SolutionGuid = {269C1E9E-3FD2-46AD-A9FD-AD4CB05F5B34}
	EndGlobalSection
EndGlobal
