
Microsoft Visual Studio Solution File, Format Version 12.00
# Visual Studio Version 16
VisualStudioVersion = 16.0.31129.286
MinimumVisualStudioVersion = 10.0.40219.1
Project("{FAE04EC0-301F-11D3-BF4B-00C04F79EFBC}") = "Task B", "Task B.csproj", "{AC71D806-17F4-4795-80B4-E4C130CF0327}"
EndProject
Global
	GlobalSection(SolutionConfigurationPlatforms) = preSolution
		Debug|Any CPU = Debug|Any CPU
		Release|Any CPU = Release|Any CPU
	EndGlobalSection
	GlobalSection(ProjectConfigurationPlatforms) = postSolution
		{AC71D806-17F4-4795-80B4-E4C130CF0327}.Debug|Any CPU.ActiveCfg = Debug|Any CPU
		{AC71D806-17F4-4795-80B4-E4C130CF0327}.Debug|Any CPU.Build.0 = Debug|Any CPU
		{AC71D806-17F4-4795-80B4-E4C130CF0327}.Release|Any CPU.ActiveCfg = Release|Any CPU
		{AC71D806-17F4-4795-80B4-E4C130CF0327}.Release|Any CPU.Build.0 = Release|Any CPU
	EndGlobalSection
	GlobalSection(SolutionProperties) = preSolution
		HideSolutionNode = FALSE
	EndGlobalSection
	GlobalSection(ExtensibilityGlobals) = postSolution
		SolutionGuid = {4BBE74AA-8ADF-4831-9396-66B944B35052}
	EndGlobalSection
EndGlobal
